Microsoft Visual Studio Solution File, Format Version 12.00
# Visual Studio 15
VisualStudioVersion = 15.0.27130.2026
MinimumVisualStudioVersion = 10.0.40219.1
Project("{2150E333-8FDC-42A3-9474-1A3956D46DE8}") = "ICE", "ICE", "{171CBD41-5451-450A-BB05-25759C3E16D8}"
EndProject
Project("{FAE04EC0-301F-11D3-BF4B-00C04F79EFBC}") = "ICE Engine", "Source\ICE Engine\ICE Engine.csproj", "{A80770D2-FA6F-4C3F-854C-5E803EDAD626}"
EndProject
Project("{FAE04EC0-301F-11D3-BF4B-00C04F79EFBC}") = "ICS", "Source\ICE.ICS\ICS.csproj", "{3E851659-F4F1-4AF7-B789-F84EF381919C}"
EndProject
Project("{2150E333-8FDC-42A3-9474-1A3956D46DE8}") = "Plugins", "Plugins", "{9B563B73-73A3-4727-827E-D2F399EC002B}"
EndProject
Project("{FAE04EC0-301F-11D3-BF4B-00C04F79EFBC}") = "Test_Timer", "Source\Plugins\Test_Timer\Test_Timer.csproj", "{53B42DA5-0DA4-45D4-8549-3E055EF5CED4}"
EndProject
Project("{2150E333-8FDC-42A3-9474-1A3956D46DE8}") = "CoreXT", "CoreXT", "{0B835045-785D-46E2-B33E-2D4F00892C8F}"
EndProject
Project("{9A19103F-16F7-4668-BE54-9A1E7A4F7556}") = "CoreXT", "Source\CoreXT\CoreXT.csproj", "{4AC04791-437D-4776-A2BF-D057C067F257}"
EndProject
Project("{9A19103F-16F7-4668-BE54-9A1E7A4F7556}") = "CoreXT.MVC", "Source\CoreXT.MVC\CoreXT.MVC.csproj", "{E90BC0DB-D53D-4C87-BBB2-0C30BF40038F}"
EndProject
Project("{9A19103F-16F7-4668-BE54-9A1E7A4F7556}") = "CoreXT.Email", "Source\CoreXT.Email\CoreXT.Email.csproj", "{3D9905A2-3800-41C9-A1E0-B2B81FF7D883}"
EndProject
Project("{9A19103F-16F7-4668-BE54-9A1E7A4F7556}") = "CoreXT.Routing", "Source\CoreXT.Routing\CoreXT.Routing.csproj", "{E1CED39A-CB5F-4468-951E-96FDBD257CED}"
EndProject
Project("{9A19103F-16F7-4668-BE54-9A1E7A4F7556}") = "CoreXT.Validation", "Source\CoreXT.Validation\CoreXT.Validation.csproj", "{FC8AF3D9-6C8E-4C58-997F-28191845C91F}"
EndProject
Project("{9A19103F-16F7-4668-BE54-9A1E7A4F7556}") = "CoreXT.ASPNet", "Source\CoreXT.ASPNet\CoreXT.ASPNet.csproj", "{D3C971CD-8C9B-4A75-985E-1738E1F876C5}"
EndProject
Project("{9A19103F-16F7-4668-BE54-9A1E7A4F7556}") = "CoreXT.Toolkit", "Source\CoreXT.Toolkit\CoreXT.Toolkit.csproj", "{A2DA6CB4-8096-4E91-B316-5C03D56293E5}"
EndProject
Project("{9A19103F-16F7-4668-BE54-9A1E7A4F7556}") = "CoreXT.JS", "Source\CoreXT.JS\CoreXT.JS.csproj", "{5E444F6C-0704-425B-B143-7CC0EE8F6CBC}"
EndProject
Project("{9A19103F-16F7-4668-BE54-9A1E7A4F7556}") = "CoreXT.Entities", "Source\CoreXT.Entities\CoreXT.Entities.csproj", "{4BFA428F-4786-4158-858E-09E1B41FD23B}"
EndProject
Project("{9A19103F-16F7-4668-BE54-9A1E7A4F7556}") = "CoreXT.Demo", "Source\CoreXT.Demos\CoreXT.Demo.csproj", "{7C29766D-5F69-4864-BA75-BB7900FF73F0}"
EndProject
Project("{9A19103F-16F7-4668-BE54-9A1E7A4F7556}") = "CoreXT.FileSystem", "Source\CoreXT.FileSystem\CoreXT.FileSystem.csproj", "{E7FE72AF-8C54-46DD-ADC1-E1118828FC95}"
EndProject
Global
	GlobalSection(SolutionConfigurationPlatforms) = preSolution
		Debug|Any CPU = Debug|Any CPU
		Release|Any CPU = Release|Any CPU
		VSDebug|Any CPU = VSDebug|Any CPU
	EndGlobalSection
	GlobalSection(ProjectConfigurationPlatforms) = postSolution
		{A80770D2-FA6F-4C3F-854C-5E803EDAD626}.Debug|Any CPU.ActiveCfg = Debug|Any CPU
		{A80770D2-FA6F-4C3F-854C-5E803EDAD626}.Release|Any CPU.ActiveCfg = Release|Any CPU
		{A80770D2-FA6F-4C3F-854C-5E803EDAD626}.VSDebug|Any CPU.ActiveCfg = Debug|Any CPU
		{A80770D2-FA6F-4C3F-854C-5E803EDAD626}.VSDebug|Any CPU.Build.0 = Debug|Any CPU
		{3E851659-F4F1-4AF7-B789-F84EF381919C}.Debug|Any CPU.ActiveCfg = Debug|Any CPU
		{3E851659-F4F1-4AF7-B789-F84EF381919C}.Release|Any CPU.ActiveCfg = Release|Any CPU
		{3E851659-F4F1-4AF7-B789-F84EF381919C}.VSDebug|Any CPU.ActiveCfg = Debug|Any CPU
		{3E851659-F4F1-4AF7-B789-F84EF381919C}.VSDebug|Any CPU.Build.0 = Debug|Any CPU
		{53B42DA5-0DA4-45D4-8549-3E055EF5CED4}.Debug|Any CPU.ActiveCfg = Debug|Any CPU
		{53B42DA5-0DA4-45D4-8549-3E055EF5CED4}.Release|Any CPU.ActiveCfg = Release|Any CPU
		{53B42DA5-0DA4-45D4-8549-3E055EF5CED4}.VSDebug|Any CPU.ActiveCfg = Debug|Any CPU
		{53B42DA5-0DA4-45D4-8549-3E055EF5CED4}.VSDebug|Any CPU.Build.0 = Debug|Any CPU
		{4AC04791-437D-4776-A2BF-D057C067F257}.Debug|Any CPU.ActiveCfg = Debug|Any CPU
		{4AC04791-437D-4776-A2BF-D057C067F257}.Debug|Any CPU.Build.0 = Debug|Any CPU
		{4AC04791-437D-4776-A2BF-D057C067F257}.Release|Any CPU.ActiveCfg = Release|Any CPU
		{4AC04791-437D-4776-A2BF-D057C067F257}.Release|Any CPU.Build.0 = Release|Any CPU
		{4AC04791-437D-4776-A2BF-D057C067F257}.VSDebug|Any CPU.ActiveCfg = Debug|Any CPU
		{4AC04791-437D-4776-A2BF-D057C067F257}.VSDebug|Any CPU.Build.0 = Debug|Any CPU
		{E90BC0DB-D53D-4C87-BBB2-0C30BF40038F}.Debug|Any CPU.ActiveCfg = Debug|Any CPU
		{E90BC0DB-D53D-4C87-BBB2-0C30BF40038F}.Debug|Any CPU.Build.0 = Debug|Any CPU
		{E90BC0DB-D53D-4C87-BBB2-0C30BF40038F}.Release|Any CPU.ActiveCfg = Release|Any CPU
		{E90BC0DB-D53D-4C87-BBB2-0C30BF40038F}.Release|Any CPU.Build.0 = Release|Any CPU
		{E90BC0DB-D53D-4C87-BBB2-0C30BF40038F}.VSDebug|Any CPU.ActiveCfg = Debug|Any CPU
		{E90BC0DB-D53D-4C87-BBB2-0C30BF40038F}.VSDebug|Any CPU.Build.0 = Debug|Any CPU
		{3D9905A2-3800-41C9-A1E0-B2B81FF7D883}.Debug|Any CPU.ActiveCfg = Debug|Any CPU
		{3D9905A2-3800-41C9-A1E0-B2B81FF7D883}.Debug|Any CPU.Build.0 = Debug|Any CPU
		{3D9905A2-3800-41C9-A1E0-B2B81FF7D883}.Release|Any CPU.ActiveCfg = Release|Any CPU
		{3D9905A2-3800-41C9-A1E0-B2B81FF7D883}.Release|Any CPU.Build.0 = Release|Any CPU
		{3D9905A2-3800-41C9-A1E0-B2B81FF7D883}.VSDebug|Any CPU.ActiveCfg = Debug|Any CPU
		{3D9905A2-3800-41C9-A1E0-B2B81FF7D883}.VSDebug|Any CPU.Build.0 = Debug|Any CPU
		{E1CED39A-CB5F-4468-951E-96FDBD257CED}.Debug|Any CPU.ActiveCfg = Debug|Any CPU
		{E1CED39A-CB5F-4468-951E-96FDBD257CED}.Debug|Any CPU.Build.0 = Debug|Any CPU
		{E1CED39A-CB5F-4468-951E-96FDBD257CED}.Release|Any CPU.ActiveCfg = Release|Any CPU
		{E1CED39A-CB5F-4468-951E-96FDBD257CED}.Release|Any CPU.Build.0 = Release|Any CPU
		{E1CED39A-CB5F-4468-951E-96FDBD257CED}.VSDebug|Any CPU.ActiveCfg = Debug|Any CPU
		{E1CED39A-CB5F-4468-951E-96FDBD257CED}.VSDebug|Any CPU.Build.0 = Debug|Any CPU
		{FC8AF3D9-6C8E-4C58-997F-28191845C91F}.Debug|Any CPU.ActiveCfg = Debug|Any CPU
		{FC8AF3D9-6C8E-4C58-997F-28191845C91F}.Debug|Any CPU.Build.0 = Debug|Any CPU
		{FC8AF3D9-6C8E-4C58-997F-28191845C91F}.Release|Any CPU.ActiveCfg = Release|Any CPU
		{FC8AF3D9-6C8E-4C58-997F-28191845C91F}.Release|Any CPU.Build.0 = Release|Any CPU
		{FC8AF3D9-6C8E-4C58-997F-28191845C91F}.VSDebug|Any CPU.ActiveCfg = Debug|Any CPU
		{FC8AF3D9-6C8E-4C58-997F-28191845C91F}.VSDebug|Any CPU.Build.0 = Debug|Any CPU
		{D3C971CD-8C9B-4A75-985E-1738E1F876C5}.Debug|Any CPU.ActiveCfg = Debug|Any CPU
		{D3C971CD-8C9B-4A75-985E-1738E1F876C5}.Debug|Any CPU.Build.0 = Debug|Any CPU
		{D3C971CD-8C9B-4A75-985E-1738E1F876C5}.Release|Any CPU.ActiveCfg = Release|Any CPU
		{D3C971CD-8C9B-4A75-985E-1738E1F876C5}.Release|Any CPU.Build.0 = Release|Any CPU
		{D3C971CD-8C9B-4A75-985E-1738E1F876C5}.VSDebug|Any CPU.ActiveCfg = Debug|Any CPU
		{D3C971CD-8C9B-4A75-985E-1738E1F876C5}.VSDebug|Any CPU.Build.0 = Debug|Any CPU
		{A2DA6CB4-8096-4E91-B316-5C03D56293E5}.Debug|Any CPU.ActiveCfg = Debug|Any CPU
		{A2DA6CB4-8096-4E91-B316-5C03D56293E5}.Debug|Any CPU.Build.0 = Debug|Any CPU
		{A2DA6CB4-8096-4E91-B316-5C03D56293E5}.Release|Any CPU.ActiveCfg = Release|Any CPU
		{A2DA6CB4-8096-4E91-B316-5C03D56293E5}.Release|Any CPU.Build.0 = Release|Any CPU
		{A2DA6CB4-8096-4E91-B316-5C03D56293E5}.VSDebug|Any CPU.ActiveCfg = Debug|Any CPU
		{A2DA6CB4-8096-4E91-B316-5C03D56293E5}.VSDebug|Any CPU.Build.0 = Debug|Any CPU
		{5E444F6C-0704-425B-B143-7CC0EE8F6CBC}.Debug|Any CPU.ActiveCfg = Debug|Any CPU
		{5E444F6C-0704-425B-B143-7CC0EE8F6CBC}.Debug|Any CPU.Build.0 = Debug|Any CPU
		{5E444F6C-0704-425B-B143-7CC0EE8F6CBC}.Release|Any CPU.ActiveCfg = Release|Any CPU
		{5E444F6C-0704-425B-B143-7CC0EE8F6CBC}.Release|Any CPU.Build.0 = Release|Any CPU
		{5E444F6C-0704-425B-B143-7CC0EE8F6CBC}.VSDebug|Any CPU.ActiveCfg = Debug|Any CPU
		{5E444F6C-0704-425B-B143-7CC0EE8F6CBC}.VSDebug|Any CPU.Build.0 = Debug|Any CPU
		{4BFA428F-4786-4158-858E-09E1B41FD23B}.Debug|Any CPU.ActiveCfg = Debug|Any CPU
		{4BFA428F-4786-4158-858E-09E1B41FD23B}.Debug|Any CPU.Build.0 = Debug|Any CPU
		{4BFA428F-4786-4158-858E-09E1B41FD23B}.Release|Any CPU.ActiveCfg = Release|Any CPU
		{4BFA428F-4786-4158-858E-09E1B41FD23B}.Release|Any CPU.Build.0 = Release|Any CPU
		{4BFA428F-4786-4158-858E-09E1B41FD23B}.VSDebug|Any CPU.ActiveCfg = Debug|Any CPU
		{4BFA428F-4786-4158-858E-09E1B41FD23B}.VSDebug|Any CPU.Build.0 = Debug|Any CPU
		{7C29766D-5F69-4864-BA75-BB7900FF73F0}.Debug|Any CPU.ActiveCfg = Debug|Any CPU
		{7C29766D-5F69-4864-BA75-BB7900FF73F0}.Debug|Any CPU.Build.0 = Debug|Any CPU
		{7C29766D-5F69-4864-BA75-BB7900FF73F0}.Release|Any CPU.ActiveCfg = Release|Any CPU
		{7C29766D-5F69-4864-BA75-BB7900FF73F0}.Release|Any CPU.Build.0 = Release|Any CPU
		{7C29766D-5F69-4864-BA75-BB7900FF73F0}.VSDebug|Any CPU.ActiveCfg = Debug|Any CPU
		{7C29766D-5F69-4864-BA75-BB7900FF73F0}.VSDebug|Any CPU.Build.0 = Debug|Any CPU
		{E7FE72AF-8C54-46DD-ADC1-E1118828FC95}.Debug|Any CPU.ActiveCfg = Debug|Any CPU
		{E7FE72AF-8C54-46DD-ADC1-E1118828FC95}.Debug|Any CPU.Build.0 = Debug|Any CPU
		{E7FE72AF-8C54-46DD-ADC1-E1118828FC95}.Release|Any CPU.ActiveCfg = Release|Any CPU
		{E7FE72AF-8C54-46DD-ADC1-E1118828FC95}.Release|Any CPU.Build.0 = Release|Any CPU
		{E7FE72AF-8C54-46DD-ADC1-E1118828FC95}.VSDebug|Any CPU.ActiveCfg = Debug|Any CPU
		{E7FE72AF-8C54-46DD-ADC1-E1118828FC95}.VSDebug|Any CPU.Build.0 = Debug|Any CPU
	EndGlobalSection
	GlobalSection(SolutionProperties) = preSolution
		HideSolutionNode = FALSE
	EndGlobalSection
	GlobalSection(NestedProjects) = preSolution
		{A80770D2-FA6F-4C3F-854C-5E803EDAD626} = {171CBD41-5451-450A-BB05-25759C3E16D8}
		{3E851659-F4F1-4AF7-B789-F84EF381919C} = {171CBD41-5451-450A-BB05-25759C3E16D8}
		{9B563B73-73A3-4727-827E-D2F399EC002B} = {171CBD41-5451-450A-BB05-25759C3E16D8}
		{53B42DA5-0DA4-45D4-8549-3E055EF5CED4} = {9B563B73-73A3-4727-827E-D2F399EC002B}
		{4AC04791-437D-4776-A2BF-D057C067F257} = {0B835045-785D-46E2-B33E-2D4F00892C8F}
		{E90BC0DB-D53D-4C87-BBB2-0C30BF40038F} = {0B835045-785D-46E2-B33E-2D4F00892C8F}
		{3D9905A2-3800-41C9-A1E0-B2B81FF7D883} = {0B835045-785D-46E2-B33E-2D4F00892C8F}
		{E1CED39A-CB5F-4468-951E-96FDBD257CED} = {0B835045-785D-46E2-B33E-2D4F00892C8F}
		{FC8AF3D9-6C8E-4C58-997F-28191845C91F} = {0B835045-785D-46E2-B33E-2D4F00892C8F}
		{D3C971CD-8C9B-4A75-985E-1738E1F876C5} = {0B835045-785D-46E2-B33E-2D4F00892C8F}
		{A2DA6CB4-8096-4E91-B316-5C03D56293E5} = {0B835045-785D-46E2-B33E-2D4F00892C8F}
		{5E444F6C-0704-425B-B143-7CC0EE8F6CBC} = {0B835045-785D-46E2-B33E-2D4F00892C8F}
		{4BFA428F-4786-4158-858E-09E1B41FD23B} = {0B835045-785D-46E2-B33E-2D4F00892C8F}
		{E7FE72AF-8C54-46DD-ADC1-E1118828FC95} = {0B835045-785D-46E2-B33E-2D4F00892C8F}
	EndGlobalSection
	GlobalSection(ExtensibilityGlobals) = postSolution
		BuildVersion_StartDate = 2000/1/1
		SolutionGuid = {53C74C3B-7B94-4FDA-80A0-1D2EAB0321FC}
	EndGlobalSection
EndGlobal
